# THIS IS AN AUTOGENERATED FILE. DO NOT EDIT THIS FILE DIRECTLY.
# yarn lockfile v1


typesettings@^4.2.0:
  version "4.2.0"
  resolved "https://registry.yarnpkg.com/typesettings/-/typesettings-4.2.0.tgz#ac7b425173b94bf4dccf7793229678fb2b05e15d"
  integrity sha512-50UlEO8tq+1njis8NmzYbNCPDAIiK+U6sn73DftRQ3yz5VUxuP5TVqMv6+/s4GpDO9mM2MB2EjYwYfqFsRlUYw==
